
Microsoft Visual Studio Solution File, Format Version 12.00
# Visual Studio Version 16
VisualStudioVersion = 16.0.30523.141
MinimumVisualStudioVersion = 10.0.40219.1
Project("{FAE04EC0-301F-11D3-BF4B-00C04F79EFBC}") = "QuoteService", "QuoteService.csproj", "{DB516358-D2C4-4D51-B0B9-C5595DDE397E}"
EndProject
Global
	GlobalSection(SolutionConfigurationPlatforms) = preSolution
		Debug|Any CPU = Debug|Any CPU
		Release|Any CPU = Release|Any CPU
	EndGlobalSection
	GlobalSection(ProjectConfigurationPlatforms) = postSolution
		{DB516358-D2C4-4D51-B0B9-C5595DDE397E}.Debug|Any CPU.ActiveCfg = Debug|Any CPU
		{DB516358-D2C4-4D51-B0B9-C5595DDE397E}.Debug|Any CPU.Build.0 = Debug|Any CPU
		{DB516358-D2C4-4D51-B0B9-C5595DDE397E}.Release|Any CPU.ActiveCfg = Release|Any CPU
		{DB516358-D2C4-4D51-B0B9-C5595DDE397E}.Release|Any CPU.Build.0 = Release|Any CPU
	EndGlobalSection
	GlobalSection(SolutionProperties) = preSolution
		HideSolutionNode = FALSE
	EndGlobalSection
	GlobalSection(ExtensibilityGlobals) = postSolution
		SolutionGuid = {382473FC-63B1-47DC-A56A-9DC1ABA41FE1}
	EndGlobalSection
EndGlobal
